# This file is autogenerated, do not edit; changes may be undone by the next 'dep ensure'.


[[projects]]
  name = "github.com/coreos/bbolt"
  packages = ["."]
  revision = "583e8937c61f1af6513608ccc75c97b6abdf4ff9"
  version = "v1.3.0"

[[projects]]
  name = "github.com/davecgh/go-spew"
  packages = ["spew"]
  revision = "346938d642f2ec3594ed81d874461961cd0faa76"
  version = "v1.1.0"

[[projects]]
  name = "github.com/ethereum/go-ethereum"
  packages = ["log"]
  revision = "dea1ce052a10cd7d401a5c04f83f371a06fe293c"
  version = "v1.8.11"

[[projects]]
  name = "github.com/go-stack/stack"
  packages = ["."]
  revision = "259ab82a6cad3992b4e21ff5cac294ccb06474bc"
  version = "v1.7.0"

[[projects]]
  name = "github.com/google/uuid"
  packages = ["."]
  revision = "064e2069ce9c359c118179501254f67d7d37ba24"
  version = "0.2"

[[projects]]
  branch = "master"
  name = "github.com/gxed/hashland"
  packages = ["keccakpg"]
  revision = "d9f6b97f8db22dd1e090fd0bbbe98f09cc7dd0a8"

[[projects]]
  branch = "master"
  name = "github.com/ipfs/go-block-format"
  packages = ["."]
  revision = "7dcdd1eba3d230c4da89e059bd736d2bcf5355f9"

[[projects]]
  branch = "master"
  name = "github.com/ipfs/go-cid"
  packages = ["."]
  revision = "078355866b1dda1658b5fdc5496ed7e25fdcf883"

[[projects]]
  branch = "master"
  name = "github.com/ipfs/go-ipfs-util"
  packages = ["."]
  revision = "9ed527918c2f20abdf0adfab0553cd87db34f656"

[[projects]]
  branch = "refmt"
  name = "github.com/ipfs/go-ipld-cbor"
  packages = ["."]
  revision = "8b666bca090899848849a507a008080db0fcfe21"

[[projects]]
  branch = "master"
  name = "github.com/ipfs/go-ipld-format"
  packages = ["."]
  revision = "6b4c9ea0f786788f3ee4e458ca39bb3f4da2ee71"

[[projects]]
  branch = "master"
  name = "github.com/minio/blake2b-simd"
  packages = ["."]
  revision = "3f5f724cb5b182a5c278d6d3d55b40e7f8c2efb4"

[[projects]]
  branch = "master"
  name = "github.com/minio/sha256-simd"
  packages = ["."]
  revision = "ad98a36ba0da87206e3378c556abbfeaeaa98668"

[[projects]]
  branch = "master"
  name = "github.com/mr-tron/base58"
  packages = ["base58"]
  revision = "c1bdf7c52f59d6685ca597b9955a443ff95eeee6"

[[projects]]
  branch = "master"
  name = "github.com/multiformats/go-multibase"
  packages = ["."]
  revision = "dfd5076869faca5aed2886dcba60b44a0d0e9c01"

[[projects]]
  branch = "master"
  name = "github.com/multiformats/go-multihash"
  packages = ["."]
  revision = "265e72146e710ff649c6982e3699d01d4e9a18bb"

[[projects]]
  name = "github.com/pmezard/go-difflib"
  packages = ["difflib"]
  revision = "792786c7400a136282c1664665ae0a8db921c6c2"
  version = "v1.0.0"

[[projects]]
  branch = "master"
  name = "github.com/polydawn/refmt"
  packages = ["cbor","obj","obj/atlas","shared","tok"]
  revision = "474b602855ed928fc5bb3448bd0dae4a6fe78d96"

[[projects]]
  branch = "master"
  name = "github.com/quorumcontrol/qc3"
  packages = ["storage"]
  revision = "b387bfa2a0fafde1c08207ed53ffb504ca97e553"

[[projects]]
  name = "github.com/spaolacci/murmur3"
  packages = ["."]
  revision = "9f5d223c60793748f04a9d5b4b4eacddfc1f755d"
  version = "v1.1"

[[projects]]
  name = "github.com/stretchr/testify"
  packages = ["assert"]
  revision = "f35b8ab0b5a2cef36673838d662e249dd9c94686"
  version = "v1.2.2"

[[projects]]
  branch = "master"
  name = "github.com/whyrusleeping/base32"
  packages = ["."]
  revision = "c30ac30633ccdabefe87eb12465113f06f1bab75"

[[projects]]
  branch = "master"
  name = "golang.org/x/crypto"
  packages = ["blake2s","internal/subtle","nacl/secretbox","pbkdf2","poly1305","salsa20/salsa","scrypt","sha3"]
  revision = "a49355c7e3f8fe157a85be2f77e6e269a0f89602"

[[projects]]
  branch = "master"
  name = "golang.org/x/sys"
  packages = ["cpu","unix"]
  revision = "63fc586f45fe72d95d5240a5d5eb95e6503907d3"

[solve-meta]
  analyzer-name = "dep"
  analyzer-version = 1
  inputs-digest = "2a52f8d5c5790369e2e9bf958a8976bf5d98f49978a9ac96390693ddb8217f17"
  solver-name = "gps-cdcl"
  solver-version = 1
